
Microsoft Visual Studio Solution File, Format Version 11.00
# Visual Studio 2010
Project("{FAE04EC0-301F-11D3-BF4B-00C04F79EFBC}") = "MitaLite.AppModel", "MitaLite.AppModel.csproj", "{4BB9C1DB-41E9-410A-8006-6C4B529DFC61}"
EndProject
Global
	GlobalSection(SolutionConfigurationPlatforms) = preSolution
		Debug|Any CPU = Debug|Any CPU
		Release|Any CPU = Release|Any CPU
	EndGlobalSection
	GlobalSection(ProjectConfigurationPlatforms) = postSolution
		{4BB9C1DB-41E9-410A-8006-6C4B529DFC61}.Debug|Any CPU.ActiveCfg = Debug|Any CPU
		{4BB9C1DB-41E9-410A-8006-6C4B529DFC61}.Debug|Any CPU.Build.0 = Debug|Any CPU
		{4BB9C1DB-41E9-410A-8006-6C4B529DFC61}.Release|Any CPU.ActiveCfg = Release|Any CPU
		{4BB9C1DB-41E9-410A-8006-6C4B529DFC61}.Release|Any CPU.Build.0 = Release|Any CPU
	EndGlobalSection
	GlobalSection(SolutionProperties) = preSolution
		HideSolutionNode = FALSE
	EndGlobalSection
EndGlobal
