
Microsoft Visual Studio Solution File, Format Version 12.00
Project("{FAE04EC0-301F-11D3-BF4B-00C04F79EFBC}") = "MitaBroker", "MitaBroker\MitaBroker.csproj", "{1BF1F7F2-AB01-42CA-9D89-3D9CD8093461}"
EndProject
Project("{FAE04EC0-301F-11D3-BF4B-00C04F79EFBC}") = "MitaLite.AppModel", "MitaLite.AppModel\MitaLite.AppModel.csproj", "{4BB9C1DB-41E9-410A-8006-6C4B529DFC61}"
EndProject
Project("{FAE04EC0-301F-11D3-BF4B-00C04F79EFBC}") = "MitaLite.Localization", "MitaLite.Localization\MitaLite.Localization.csproj", "{AAAEB0E6-EAA6-4961-A2C1-D6B0F647DE46}"
EndProject
Project("{FAE04EC0-301F-11D3-BF4B-00C04F79EFBC}") = "MitaLite.Foundation", "MitaLite.Foundation\MitaLite.Foundation.csproj", "{1E7D75B3-86A8-4A8C-B65E-205082C25125}"
EndProject
Project("{FAE04EC0-301F-11D3-BF4B-00C04F79EFBC}") = "MitaLite.UIAutomationAdapter", "MitaLite.UIAutomationAdapter\MitaLite.UIAutomationAdapter.csproj", "{08370151-D7C2-4358-8630-0FCCFD105987}"
EndProject
Project("{FAE04EC0-301F-11D3-BF4B-00C04F79EFBC}") = "MitaLite.UIAutomationClient", "MitaLite.UIAutomationClient\MitaLite.UIAutomationClient.csproj", "{659BD7F3-3DD9-4A17-8516-B34BD496C435}"
EndProject
Global
	GlobalSection(SolutionConfigurationPlatforms) = preSolution
		Debug|Any CPU = Debug|Any CPU
		Release|Any CPU = Release|Any CPU
	EndGlobalSection
	GlobalSection(ProjectConfigurationPlatforms) = postSolution
		{1BF1F7F2-AB01-42CA-9D89-3D9CD8093461}.Debug|Any CPU.ActiveCfg = Debug|Any CPU
		{1BF1F7F2-AB01-42CA-9D89-3D9CD8093461}.Debug|Any CPU.Build.0 = Debug|Any CPU
		{1BF1F7F2-AB01-42CA-9D89-3D9CD8093461}.Release|Any CPU.ActiveCfg = Release|Any CPU
		{1BF1F7F2-AB01-42CA-9D89-3D9CD8093461}.Release|Any CPU.Build.0 = Release|Any CPU
		{4BB9C1DB-41E9-410A-8006-6C4B529DFC61}.Debug|Any CPU.ActiveCfg = Debug|Any CPU
		{4BB9C1DB-41E9-410A-8006-6C4B529DFC61}.Debug|Any CPU.Build.0 = Debug|Any CPU
		{4BB9C1DB-41E9-410A-8006-6C4B529DFC61}.Release|Any CPU.ActiveCfg = Release|Any CPU
		{4BB9C1DB-41E9-410A-8006-6C4B529DFC61}.Release|Any CPU.Build.0 = Release|Any CPU
		{AAAEB0E6-EAA6-4961-A2C1-D6B0F647DE46}.Debug|Any CPU.ActiveCfg = Debug|Any CPU
		{AAAEB0E6-EAA6-4961-A2C1-D6B0F647DE46}.Debug|Any CPU.Build.0 = Debug|Any CPU
		{AAAEB0E6-EAA6-4961-A2C1-D6B0F647DE46}.Release|Any CPU.ActiveCfg = Release|Any CPU
		{AAAEB0E6-EAA6-4961-A2C1-D6B0F647DE46}.Release|Any CPU.Build.0 = Release|Any CPU
		{1E7D75B3-86A8-4A8C-B65E-205082C25125}.Debug|Any CPU.ActiveCfg = Debug|Any CPU
		{1E7D75B3-86A8-4A8C-B65E-205082C25125}.Debug|Any CPU.Build.0 = Debug|Any CPU
		{1E7D75B3-86A8-4A8C-B65E-205082C25125}.Release|Any CPU.ActiveCfg = Release|Any CPU
		{1E7D75B3-86A8-4A8C-B65E-205082C25125}.Release|Any CPU.Build.0 = Release|Any CPU
		{08370151-D7C2-4358-8630-0FCCFD105987}.Debug|Any CPU.ActiveCfg = Debug|Any CPU
		{08370151-D7C2-4358-8630-0FCCFD105987}.Debug|Any CPU.Build.0 = Debug|Any CPU
		{08370151-D7C2-4358-8630-0FCCFD105987}.Release|Any CPU.ActiveCfg = Release|Any CPU
		{08370151-D7C2-4358-8630-0FCCFD105987}.Release|Any CPU.Build.0 = Release|Any CPU
		{659BD7F3-3DD9-4A17-8516-B34BD496C435}.Debug|Any CPU.ActiveCfg = Debug|Any CPU
		{659BD7F3-3DD9-4A17-8516-B34BD496C435}.Debug|Any CPU.Build.0 = Debug|Any CPU
		{659BD7F3-3DD9-4A17-8516-B34BD496C435}.Release|Any CPU.ActiveCfg = Release|Any CPU
		{659BD7F3-3DD9-4A17-8516-B34BD496C435}.Release|Any CPU.Build.0 = Release|Any CPU
	EndGlobalSection
EndGlobal
