
Microsoft Visual Studio Solution File, Format Version 12.00
# Visual Studio 2015
Project("{FAE04EC0-301F-11D3-BF4B-00C04F79EFBC}") = "MitaBroker", "MitaBroker.csproj", "{1BF1F7F2-AB01-42CA-9D89-3D9CD8093461}"
EndProject
Global
	GlobalSection(SolutionConfigurationPlatforms) = preSolution
		Debug|Any CPU = Debug|Any CPU
		Release|Any CPU = Release|Any CPU
	EndGlobalSection
	GlobalSection(ProjectConfigurationPlatforms) = postSolution
		{1BF1F7F2-AB01-42CA-9D89-3D9CD8093461}.Debug|Any CPU.ActiveCfg = Debug|Any CPU
		{1BF1F7F2-AB01-42CA-9D89-3D9CD8093461}.Debug|Any CPU.Build.0 = Debug|Any CPU
		{1BF1F7F2-AB01-42CA-9D89-3D9CD8093461}.Release|Any CPU.ActiveCfg = Release|Any CPU
		{1BF1F7F2-AB01-42CA-9D89-3D9CD8093461}.Release|Any CPU.Build.0 = Release|Any CPU
	EndGlobalSection
	GlobalSection(SolutionProperties) = preSolution
		HideSolutionNode = FALSE
	EndGlobalSection
EndGlobal
